
Microsoft Visual Studio Solution File, Format Version 12.00
# Visual Studio 15
VisualStudioVersion = 15.0.28307.757
MinimumVisualStudioVersion = 10.0.40219.1
Project("{FAE04EC0-301F-11D3-BF4B-00C04F79EFBC}") = "SistemPenjualanPembelian", "SistemPenjualanPembelian\SistemPenjualanPembelian.csproj", "{57F86454-76EB-4AA4-B326-4D399971CA63}"
EndProject
Project("{FAE04EC0-301F-11D3-BF4B-00C04F79EFBC}") = "JualBeli_LIB", "JualBeli_LIB\JualBeli_LIB.csproj", "{0A599291-6A7E-4B53-BBBF-3A3FF923ACBE}"
EndProject
Global
	GlobalSection(SolutionConfigurationPlatforms) = preSolution
		Debug|Any CPU = Debug|Any CPU
		Release|Any CPU = Release|Any CPU
	EndGlobalSection
	GlobalSection(ProjectConfigurationPlatforms) = postSolution
		{57F86454-76EB-4AA4-B326-4D399971CA63}.Debug|Any CPU.ActiveCfg = Debug|Any CPU
		{57F86454-76EB-4AA4-B326-4D399971CA63}.Debug|Any CPU.Build.0 = Debug|Any CPU
		{57F86454-76EB-4AA4-B326-4D399971CA63}.Release|Any CPU.ActiveCfg = Release|Any CPU
		{57F86454-76EB-4AA4-B326-4D399971CA63}.Release|Any CPU.Build.0 = Release|Any CPU
		{0A599291-6A7E-4B53-BBBF-3A3FF923ACBE}.Debug|Any CPU.ActiveCfg = Debug|Any CPU
		{0A599291-6A7E-4B53-BBBF-3A3FF923ACBE}.Debug|Any CPU.Build.0 = Debug|Any CPU
		{0A599291-6A7E-4B53-BBBF-3A3FF923ACBE}.Release|Any CPU.ActiveCfg = Release|Any CPU
		{0A599291-6A7E-4B53-BBBF-3A3FF923ACBE}.Release|Any CPU.Build.0 = Release|Any CPU
	EndGlobalSection
	GlobalSection(SolutionProperties) = preSolution
		HideSolutionNode = FALSE
	EndGlobalSection
	GlobalSection(ExtensibilityGlobals) = postSolution
		SolutionGuid = {AE6D7CA0-EBC4-4ACF-B66A-D9FEBB8BDE68}
	EndGlobalSection
EndGlobal
